// !$*UTF8*$!
{
	archiveVersion = 1;
	classes = {
	};
	objectVersion = 55;
	objects = {

/* Begin PBXBuildFile section */
		5B6BBF73275DD5390059951D /* AppDelegate.swift in Sources */ = {isa = PBXBuildFile; fileRef = 5B6BBF72275DD5390059951D /* AppDelegate.swift */; };
		5B6BBF75275DD5390059951D /* SceneDelegate.swift in Sources */ = {isa = PBXBuildFile; fileRef = 5B6BBF74275DD5390059951D /* SceneDelegate.swift */; };
		5B6BBF7A275DD5390059951D /* Main.storyboard in Resources */ = {isa = PBXBuildFile; fileRef = 5B6BBF78275DD5390059951D /* Main.storyboard */; };
		5B6BBF7C275DD53C0059951D /* Assets.xcassets in Resources */ = {isa = PBXBuildFile; fileRef = 5B6BBF7B275DD53C0059951D /* Assets.xcassets */; };
		5B6BBF7F275DD53C0059951D /* LaunchScreen.storyboard in Resources */ = {isa = PBXBuildFile; fileRef = 5B6BBF7D275DD53C0059951D /* LaunchScreen.storyboard */; };
		5B6BBF8A275DD53C0059951D /* sample1Tests.swift in Sources */ = {isa = PBXBuildFile; fileRef = 5B6BBF89275DD53C0059951D /* sample1Tests.swift */; };
		5B6BBF94275DD53C0059951D /* sample1UITests.swift in Sources */ = {isa = PBXBuildFile; fileRef = 5B6BBF93275DD53C0059951D /* sample1UITests.swift */; };
		5B6BBF96275DD53C0059951D /* sample1UITestsLaunchTests.swift in Sources */ = {isa = PBXBuildFile; fileRef = 5B6BBF95275DD53C0059951D /* sample1UITestsLaunchTests.swift */; };
		5B6BBFA3275F526B0059951D /* MemoListVC.swift in Sources */ = {isa = PBXBuildFile; fileRef = 5B6BBFA2275F526B0059951D /* MemoListVC.swift */; };
		5B6BBFA5275F53810059951D /* MemoFormVC.swift in Sources */ = {isa = PBXBuildFile; fileRef = 5B6BBFA4275F53810059951D /* MemoFormVC.swift */; };
		5B6BBFA7275F53960059951D /* MemoReadVC.swift in Sources */ = {isa = PBXBuildFile; fileRef = 5B6BBFA6275F53960059951D /* MemoReadVC.swift */; };
		5B6BBFA9275F54730059951D /* MemoCell.swift in Sources */ = {isa = PBXBuildFile; fileRef = 5B6BBFA8275F54730059951D /* MemoCell.swift */; };
		5B6BBFAB275F555C0059951D /* MemoData.swift in Sources */ = {isa = PBXBuildFile; fileRef = 5B6BBFAA275F555C0059951D /* MemoData.swift */; };
/* End PBXBuildFile section */

/* Begin PBXContainerItemProxy section */
		5B6BBF86275DD53C0059951D /* PBXContainerItemProxy */ = {
			isa = PBXContainerItemProxy;
			containerPortal = 5B6BBF67275DD5390059951D /* Project object */;
			proxyType = 1;
			remoteGlobalIDString = 5B6BBF6E275DD5390059951D;
			remoteInfo = sample1;
		};
		5B6BBF90275DD53C0059951D /* PBXContainerItemProxy */ = {
			isa = PBXContainerItemProxy;
			containerPortal = 5B6BBF67275DD5390059951D /* Project object */;
			proxyType = 1;
			remoteGlobalIDString = 5B6BBF6E275DD5390059951D;
			remoteInfo = sample1;
		};
/* End PBXContainerItemProxy section */

/* Begin PBXFileReference section */
		5B6BBF6F275DD5390059951D /* sample1.app */ = {isa = PBXFileReference; explicitFileType = wrapper.application; includeInIndex = 0; path = sample1.app; sourceTree = BUILT_PRODUCTS_DIR; };
		5B6BBF72275DD5390059951D /* AppDelegate.swift */ = {isa = PBXFileReference; lastKnownFileType = sourcecode.swift; path = AppDelegate.swift; sourceTree = "<group>"; };
		5B6BBF74275DD5390059951D /* SceneDelegate.swift */ = {isa = PBXFileReference; lastKnownFileType = sourcecode.swift; path = SceneDelegate.swift; sourceTree = "<group>"; };
		5B6BBF79275DD5390059951D /* Base */ = {isa = PBXFileReference; lastKnownFileType = file.storyboard; name = Base; path = Base.lproj/Main.storyboard; sourceTree = "<group>"; };
		5B6BBF7B275DD53C0059951D /* Assets.xcassets */ = {isa = PBXFileReference; lastKnownFileType = folder.assetcatalog; path = Assets.xcassets; sourceTree = "<group>"; };
		5B6BBF7E275DD53C0059951D /* Base */ = {isa = PBXFileReference; lastKnownFileType = file.storyboard; name = Base; path = Base.lproj/LaunchScreen.storyboard; sourceTree = "<group>"; };
		5B6BBF80275DD53C0059951D /* Info.plist */ = {isa = PBXFileReference; lastKnownFileType = text.plist.xml; path = Info.plist; sourceTree = "<group>"; };
		5B6BBF85275DD53C0059951D /* sample1Tests.xctest */ = {isa = PBXFileReference; explicitFileType = wrapper.cfbundle; includeInIndex = 0; path = sample1Tests.xctest; sourceTree = BUILT_PRODUCTS_DIR; };
		5B6BBF89275DD53C0059951D /* sample1Tests.swift */ = {isa = PBXFileReference; lastKnownFileType = sourcecode.swift; path = sample1Tests.swift; sourceTree = "<group>"; };
		5B6BBF8F275DD53C0059951D /* sample1UITests.xctest */ = {isa = PBXFileReference; explicitFileType = wrapper.cfbundle; includeInIndex = 0; path = sample1UITests.xctest; sourceTree = BUILT_PRODUCTS_DIR; };
		5B6BBF93275DD53C0059951D /* sample1UITests.swift */ = {isa = PBXFileReference; lastKnownFileType = sourcecode.swift; path = sample1UITests.swift; sourceTree = "<group>"; };
		5B6BBF95275DD53C0059951D /* sample1UITestsLaunchTests.swift */ = {isa = PBXFileReference; lastKnownFileType = sourcecode.swift; path = sample1UITestsLaunchTests.swift; sourceTree = "<group>"; };
		5B6BBFA2275F526B0059951D /* MemoListVC.swift */ = {isa = PBXFileReference; lastKnownFileType = sourcecode.swift; path = MemoListVC.swift; sourceTree = "<group>"; };
		5B6BBFA4275F53810059951D /* MemoFormVC.swift */ = {isa = PBXFileReference; lastKnownFileType = sourcecode.swift; path = MemoFormVC.swift; sourceTree = "<group>"; };
		5B6BBFA6275F53960059951D /* MemoReadVC.swift */ = {isa = PBXFileReference; lastKnownFileType = sourcecode.swift; path = MemoReadVC.swift; sourceTree = "<group>"; };
		5B6BBFA8275F54730059951D /* MemoCell.swift */ = {isa = PBXFileReference; lastKnownFileType = sourcecode.swift; path = MemoCell.swift; sourceTree = "<group>"; };
		5B6BBFAA275F555C0059951D /* MemoData.swift */ = {isa = PBXFileReference; lastKnownFileType = sourcecode.swift; path = MemoData.swift; sourceTree = "<group>"; };
/* End PBXFileReference section */

/* Begin PBXFrameworksBuildPhase section */
		5B6BBF6C275DD5390059951D /* Frameworks */ = {
			isa = PBXFrameworksBuildPhase;
			buildActionMask = 2147483647;
			files = (
			);
			runOnlyForDeploymentPostprocessing = 0;
		};
		5B6BBF82275DD53C0059951D /* Frameworks */ = {
			isa = PBXFrameworksBuildPhase;
			buildActionMask = 2147483647;
			files = (
			);
			runOnlyForDeploymentPostprocessing = 0;
		};
		5B6BBF8C275DD53C0059951D /* Frameworks */ = {
			isa = PBXFrameworksBuildPhase;
			buildActionMask = 2147483647;
			files = (
			);
			runOnlyForDeploymentPostprocessing = 0;
		};
/* End PBXFrameworksBuildPhase section */

/* Begin PBXGroup section */
		5B6BBF66275DD5390059951D = {
			isa = PBXGroup;
			children = (
				5B6BBF71275DD5390059951D /* sample1 */,
				5B6BBF88275DD53C0059951D /* sample1Tests */,
				5B6BBF92275DD53C0059951D /* sample1UITests */,
				5B6BBF70275DD5390059951D /* Products */,
			);
			sourceTree = "<group>";
		};
		5B6BBF70275DD5390059951D /* Products */ = {
			isa = PBXGroup;
			children = (
				5B6BBF6F275DD5390059951D /* sample1.app */,
				5B6BBF85275DD53C0059951D /* sample1Tests.xctest */,
				5B6BBF8F275DD53C0059951D /* sample1UITests.xctest */,
			);
			name = Products;
			sourceTree = "<group>";
		};
		5B6BBF71275DD5390059951D /* sample1 */ = {
			isa = PBXGroup;
			children = (
				5B6BBFA8275F54730059951D /* MemoCell.swift */,
				5B6BBF72275DD5390059951D /* AppDelegate.swift */,
				5B6BBF74275DD5390059951D /* SceneDelegate.swift */,
				5B6BBF78275DD5390059951D /* Main.storyboard */,
				5B6BBF7B275DD53C0059951D /* Assets.xcassets */,
				5B6BBF7D275DD53C0059951D /* LaunchScreen.storyboard */,
				5B6BBF80275DD53C0059951D /* Info.plist */,
				5B6BBFA2275F526B0059951D /* MemoListVC.swift */,
				5B6BBFA4275F53810059951D /* MemoFormVC.swift */,
				5B6BBFA6275F53960059951D /* MemoReadVC.swift */,
				5B6BBFAA275F555C0059951D /* MemoData.swift */,
			);
			path = sample1;
			sourceTree = "<group>";
		};
		5B6BBF88275DD53C0059951D /* sample1Tests */ = {
			isa = PBXGroup;
			children = (
				5B6BBF89275DD53C0059951D /* sample1Tests.swift */,
			);
			path = sample1Tests;
			sourceTree = "<group>";
		};
		5B6BBF92275DD53C0059951D /* sample1UITests */ = {
			isa = PBXGroup;
			children = (
				5B6BBF93275DD53C0059951D /* sample1UITests.swift */,
				5B6BBF95275DD53C0059951D /* sample1UITestsLaunchTests.swift */,
			);
			path = sample1UITests;
			sourceTree = "<group>";
		};
/* End PBXGroup section */

/* Begin PBXNativeTarget section */
		5B6BBF6E275DD5390059951D /* sample1 */ = {
			isa = PBXNativeTarget;
			buildConfigurationList = 5B6BBF99275DD53C0059951D /* Build configuration list for PBXNativeTarget "sample1" */;
			buildPhases = (
				5B6BBF6B275DD5390059951D /* Sources */,
				5B6BBF6C275DD5390059951D /* Frameworks */,
				5B6BBF6D275DD5390059951D /* Resources */,
			);
			buildRules = (
			);
			dependencies = (
			);
			name = sample1;
			productName = sample1;
			productReference = 5B6BBF6F275DD5390059951D /* sample1.app */;
			productType = "com.apple.product-type.application";
		};
		5B6BBF84275DD53C0059951D /* sample1Tests */ = {
			isa = PBXNativeTarget;
			buildConfigurationList = 5B6BBF9C275DD53C0059951D /* Build configuration list for PBXNativeTarget "sample1Tests" */;
			buildPhases = (
				5B6BBF81275DD53C0059951D /* Sources */,
				5B6BBF82275DD53C0059951D /* Frameworks */,
				5B6BBF83275DD53C0059951D /* Resources */,
			);
			buildRules = (
			);
			dependencies = (
				5B6BBF87275DD53C0059951D /* PBXTargetDependency */,
			);
			name = sample1Tests;
			productName = sample1Tests;
			productReference = 5B6BBF85275DD53C0059951D /* sample1Tests.xctest */;
			productType = "com.apple.product-type.bundle.unit-test";
		};
		5B6BBF8E275DD53C0059951D /* sample1UITests */ = {
			isa = PBXNativeTarget;
			buildConfigurationList = 5B6BBF9F275DD53C0059951D /* Build configuration list for PBXNativeTarget "sample1UITests" */;
			buildPhases = (
				5B6BBF8B275DD53C0059951D /* Sources */,
				5B6BBF8C275DD53C0059951D /* Frameworks */,
				5B6BBF8D275DD53C0059951D /* Resources */,
			);
			buildRules = (
			);
			dependencies = (
				5B6BBF91275DD53C0059951D /* PBXTargetDependency */,
			);
			name = sample1UITests;
			productName = sample1UITests;
			productReference = 5B6BBF8F275DD53C0059951D /* sample1UITests.xctest */;
			productType = "com.apple.product-type.bundle.ui-testing";
		};
/* End PBXNativeTarget section */

/* Begin PBXProject section */
		5B6BBF67275DD5390059951D /* Project object */ = {
			isa = PBXProject;
			attributes = {
				BuildIndependentTargetsInParallel = 1;
				LastSwiftUpdateCheck = 1310;
				LastUpgradeCheck = 1310;
				TargetAttributes = {
					5B6BBF6E275DD5390059951D = {
						CreatedOnToolsVersion = 13.1;
					};
					5B6BBF84275DD53C0059951D = {
						CreatedOnToolsVersion = 13.1;
						TestTargetID = 5B6BBF6E275DD5390059951D;
					};
					5B6BBF8E275DD53C0059951D = {
						CreatedOnToolsVersion = 13.1;
						TestTargetID = 5B6BBF6E275DD5390059951D;
					};
				};
			};
			buildConfigurationList = 5B6BBF6A275DD5390059951D /* Build configuration list for PBXProject "sample1" */;
			compatibilityVersion = "Xcode 13.0";
			developmentRegion = en;
			hasScannedForEncodings = 0;
			knownRegions = (
				en,
				Base,
			);
			mainGroup = 5B6BBF66275DD5390059951D;
			productRefGroup = 5B6BBF70275DD5390059951D /* Products */;
			projectDirPath = "";
			projectRoot = "";
			targets = (
				5B6BBF6E275DD5390059951D /* sample1 */,
				5B6BBF84275DD53C0059951D /* sample1Tests */,
				5B6BBF8E275DD53C0059951D /* sample1UITests */,
			);
		};
/* End PBXProject section */

/* Begin PBXResourcesBuildPhase section */
		5B6BBF6D275DD5390059951D /* Resources */ = {
			isa = PBXResourcesBuildPhase;
			buildActionMask = 2147483647;
			files = (
				5B6BBF7F275DD53C0059951D /* LaunchScreen.storyboard in Resources */,
				5B6BBF7C275DD53C0059951D /* Assets.xcassets in Resources */,
				5B6BBF7A275DD5390059951D /* Main.storyboard in Resources */,
			);
			runOnlyForDeploymentPostprocessing = 0;
		};
		5B6BBF83275DD53C0059951D /* Resources */ = {
			isa = PBXResourcesBuildPhase;
			buildActionMask = 2147483647;
			files = (
			);
			runOnlyForDeploymentPostprocessing = 0;
		};
		5B6BBF8D275DD53C0059951D /* Resources */ = {
			isa = PBXResourcesBuildPhase;
			buildActionMask = 2147483647;
			files = (
			);
			runOnlyForDeploymentPostprocessing = 0;
		};
/* End PBXResourcesBuildPhase section */

/* Begin PBXSourcesBuildPhase section */
		5B6BBF6B275DD5390059951D /* Sources */ = {
			isa = PBXSourcesBuildPhase;
			buildActionMask = 2147483647;
			files = (
				5B6BBFA3275F526B0059951D /* MemoListVC.swift in Sources */,
				5B6BBFA7275F53960059951D /* MemoReadVC.swift in Sources */,
				5B6BBF73275DD5390059951D /* AppDelegate.swift in Sources */,
				5B6BBFAB275F555C0059951D /* MemoData.swift in Sources */,
				5B6BBFA5275F53810059951D /* MemoFormVC.swift in Sources */,
				5B6BBF75275DD5390059951D /* SceneDelegate.swift in Sources */,
				5B6BBFA9275F54730059951D /* MemoCell.swift in Sources */,
			);
			runOnlyForDeploymentPostprocessing = 0;
		};
		5B6BBF81275DD53C0059951D /* Sources */ = {
			isa = PBXSourcesBuildPhase;
			buildActionMask = 2147483647;
			files = (
				5B6BBF8A275DD53C0059951D /* sample1Tests.swift in Sources */,
			);
			runOnlyForDeploymentPostprocessing = 0;
		};
		5B6BBF8B275DD53C0059951D /* Sources */ = {
			isa = PBXSourcesBuildPhase;
			buildActionMask = 2147483647;
			files = (
				5B6BBF96275DD53C0059951D /* sample1UITestsLaunchTests.swift in Sources */,
				5B6BBF94275DD53C0059951D /* sample1UITests.swift in Sources */,
			);
			runOnlyForDeploymentPostprocessing = 0;
		};
/* End PBXSourcesBuildPhase section */

/* Begin PBXTargetDependency section */
		5B6BBF87275DD53C0059951D /* PBXTargetDependency */ = {
			isa = PBXTargetDependency;
			target = 5B6BBF6E275DD5390059951D /* sample1 */;
			targetProxy = 5B6BBF86275DD53C0059951D /* PBXContainerItemProxy */;
		};
		5B6BBF91275DD53C0059951D /* PBXTargetDependency */ = {
			isa = PBXTargetDependency;
			target = 5B6BBF6E275DD5390059951D /* sample1 */;
			targetProxy = 5B6BBF90275DD53C0059951D /* PBXContainerItemProxy */;
		};
/* End PBXTargetDependency section */

/* Begin PBXVariantGroup section */
		5B6BBF78275DD5390059951D /* Main.storyboard */ = {
			isa = PBXVariantGroup;
			children = (
				5B6BBF79275DD5390059951D /* Base */,
			);
			name = Main.storyboard;
			sourceTree = "<group>";
		};
		5B6BBF7D275DD53C0059951D /* LaunchScreen.storyboard */ = {
			isa = PBXVariantGroup;
			children = (
				5B6BBF7E275DD53C0059951D /* Base */,
			);
			name = LaunchScreen.storyboard;
			sourceTree = "<group>";
		};
/* End PBXVariantGroup section */

/* Begin XCBuildConfiguration section */
		5B6BBF97275DD53C0059951D /* Debug */ = {
			isa = XCBuildConfiguration;
			buildSettings = {
				ALWAYS_SEARCH_USER_PATHS = NO;
				CLANG_ANALYZER_NONNULL = YES;
				CLANG_ANALYZER_NUMBER_OBJECT_CONVERSION = YES_AGGRESSIVE;
				CLANG_CXX_LANGUAGE_STANDARD = "gnu++17";
				CLANG_CXX_LIBRARY = "libc++";
				CLANG_ENABLE_MODULES = YES;
				CLANG_ENABLE_OBJC_ARC = YES;
				CLANG_ENABLE_OBJC_WEAK = YES;
				CLANG_WARN_BLOCK_CAPTURE_AUTORELEASING = YES;
				CLANG_WARN_BOOL_CONVERSION = YES;
				CLANG_WARN_COMMA = YES;
				CLANG_WARN_CONSTANT_CONVERSION = YES;
				CLANG_WARN_DEPRECATED_OBJC_IMPLEMENTATIONS = YES;
				CLANG_WARN_DIRECT_OBJC_ISA_USAGE = YES_ERROR;
				CLANG_WARN_DOCUMENTATION_COMMENTS = YES;
				CLANG_WARN_EMPTY_BODY = YES;
				CLANG_WARN_ENUM_CONVERSION = YES;
				CLANG_WARN_INFINITE_RECURSION = YES;
				CLANG_WARN_INT_CONVERSION = YES;
				CLANG_WARN_NON_LITERAL_NULL_CONVERSION = YES;
				CLANG_WARN_OBJC_IMPLICIT_RETAIN_SELF = YES;
				CLANG_WARN_OBJC_LITERAL_CONVERSION = YES;
				CLANG_WARN_OBJC_ROOT_CLASS = YES_ERROR;
				CLANG_WARN_QUOTED_INCLUDE_IN_FRAMEWORK_HEADER = YES;
				CLANG_WARN_RANGE_LOOP_ANALYSIS = YES;
				CLANG_WARN_STRICT_PROTOTYPES = YES;
				CLANG_WARN_SUSPICIOUS_MOVE = YES;
				CLANG_WARN_UNGUARDED_AVAILABILITY = YES_AGGRESSIVE;
				CLANG_WARN_UNREACHABLE_CODE = YES;
				CLANG_WARN__DUPLICATE_METHOD_MATCH = YES;
				COPY_PHASE_STRIP = NO;
				DEBUG_INFORMATION_FORMAT = dwarf;
				ENABLE_STRICT_OBJC_MSGSEND = YES;
				ENABLE_TESTABILITY = YES;
				GCC_C_LANGUAGE_STANDARD = gnu11;
				GCC_DYNAMIC_NO_PIC = NO;
				GCC_NO_COMMON_BLOCKS = YES;
				GCC_OPTIMIZATION_LEVEL = 0;
				GCC_PREPROCESSOR_DEFINITIONS = (
					"DEBUG=1",
					"$(inherited)",
				);
				GCC_WARN_64_TO_32_BIT_CONVERSION = YES;
				GCC_WARN_ABOUT_RETURN_TYPE = YES_ERROR;
				GCC_WARN_UNDECLARED_SELECTOR = YES;
				GCC_WARN_UNINITIALIZED_AUTOS = YES_AGGRESSIVE;
				GCC_WARN_UNUSED_FUNCTION = YES;
				GCC_WARN_UNUSED_VARIABLE = YES;
				IPHONEOS_DEPLOYMENT_TARGET = 15.0;
				MTL_ENABLE_DEBUG_INFO = INCLUDE_SOURCE;
				MTL_FAST_MATH = YES;
				ONLY_ACTIVE_ARCH = YES;
				SDKROOT = iphoneos;
				SWIFT_ACTIVE_COMPILATION_CONDITIONS = DEBUG;
				SWIFT_OPTIMIZATION_LEVEL = "-Onone";
			};
			name = Debug;
		};
		5B6BBF98275DD53C0059951D /* Release */ = {
			isa = XCBuildConfiguration;
			buildSettings = {
				ALWAYS_SEARCH_USER_PATHS = NO;
				CLANG_ANALYZER_NONNULL = YES;
				CLANG_ANALYZER_NUMBER_OBJECT_CONVERSION = YES_AGGRESSIVE;
				CLANG_CXX_LANGUAGE_STANDARD = "gnu++17";
				CLANG_CXX_LIBRARY = "libc++";
				CLANG_ENABLE_MODULES = YES;
				CLANG_ENABLE_OBJC_ARC = YES;
				CLANG_ENABLE_OBJC_WEAK = YES;
				CLANG_WARN_BLOCK_CAPTURE_AUTORELEASING = YES;
				CLANG_WARN_BOOL_CONVERSION = YES;
				CLANG_WARN_COMMA = YES;
				CLANG_WARN_CONSTANT_CONVERSION = YES;
				CLANG_WARN_DEPRECATED_OBJC_IMPLEMENTATIONS = YES;
				CLANG_WARN_DIRECT_OBJC_ISA_USAGE = YES_ERROR;
				CLANG_WARN_DOCUMENTATION_COMMENTS = YES;
				CLANG_WARN_EMPTY_BODY = YES;
				CLANG_WARN_ENUM_CONVERSION = YES;
				CLANG_WARN_INFINITE_RECURSION = YES;
				CLANG_WARN_INT_CONVERSION = YES;
				CLANG_WARN_NON_LITERAL_NULL_CONVERSION = YES;
				CLANG_WARN_OBJC_IMPLICIT_RETAIN_SELF = YES;
				CLANG_WARN_OBJC_LITERAL_CONVERSION = YES;
				CLANG_WARN_OBJC_ROOT_CLASS = YES_ERROR;
				CLANG_WARN_QUOTED_INCLUDE_IN_FRAMEWORK_HEADER = YES;
				CLANG_WARN_RANGE_LOOP_ANALYSIS = YES;
				CLANG_WARN_STRICT_PROTOTYPES = YES;
				CLANG_WARN_SUSPICIOUS_MOVE = YES;
				CLANG_WARN_UNGUARDED_AVAILABILITY = YES_AGGRESSIVE;
				CLANG_WARN_UNREACHABLE_CODE = YES;
				CLANG_WARN__DUPLICATE_METHOD_MATCH = YES;
				COPY_PHASE_STRIP = NO;
				DEBUG_INFORMATION_FORMAT = "dwarf-with-dsym";
				ENABLE_NS_ASSERTIONS = NO;
				ENABLE_STRICT_OBJC_MSGSEND = YES;
				GCC_C_LANGUAGE_STANDARD = gnu11;
				GCC_NO_COMMON_BLOCKS = YES;
				GCC_WARN_64_TO_32_BIT_CONVERSION = YES;
				GCC_WARN_ABOUT_RETURN_TYPE = YES_ERROR;
				GCC_WARN_UNDECLARED_SELECTOR = YES;
				GCC_WARN_UNINITIALIZED_AUTOS = YES_AGGRESSIVE;
				GCC_WARN_UNUSED_FUNCTION = YES;
				GCC_WARN_UNUSED_VARIABLE = YES;
				IPHONEOS_DEPLOYMENT_TARGET = 15.0;
				MTL_ENABLE_DEBUG_INFO = NO;
				MTL_FAST_MATH = YES;
				SDKROOT = iphoneos;
				SWIFT_COMPILATION_MODE = wholemodule;
				SWIFT_OPTIMIZATION_LEVEL = "-O";
				VALIDATE_PRODUCT = YES;
			};
			name = Release;
		};
		5B6BBF9A275DD53C0059951D /* Debug */ = {
			isa = XCBuildConfiguration;
			buildSettings = {
				ASSETCATALOG_COMPILER_APPICON_NAME = AppIcon;
				ASSETCATALOG_COMPILER_GLOBAL_ACCENT_COLOR_NAME = AccentColor;
				CODE_SIGN_STYLE = Automatic;
				CURRENT_PROJECT_VERSION = 1;
				DEVELOPMENT_TEAM = XN9M6ZC2MN;
				GENERATE_INFOPLIST_FILE = YES;
				INFOPLIST_FILE = sample1/Info.plist;
				INFOPLIST_KEY_UIApplicationSupportsIndirectInputEvents = YES;
				INFOPLIST_KEY_UILaunchStoryboardName = LaunchScreen;
				INFOPLIST_KEY_UIMainStoryboardFile = Main;
				INFOPLIST_KEY_UISupportedInterfaceOrientations = UIInterfaceOrientationPortrait;
				INFOPLIST_KEY_UISupportedInterfaceOrientations_iPad = "UIInterfaceOrientationPortrait UIInterfaceOrientationPortraitUpsideDown UIInterfaceOrientationLandscapeLeft UIInterfaceOrientationLandscapeRight";
				INFOPLIST_KEY_UISupportedInterfaceOrientations_iPhone = "UIInterfaceOrientationPortrait UIInterfaceOrientationLandscapeLeft UIInterfaceOrientationLandscapeRight";
				LD_RUNPATH_SEARCH_PATHS = (
					"$(inherited)",
					"@executable_path/Frameworks",
				);
				MARKETING_VERSION = 1.0;
				PRODUCT_BUNDLE_IDENTIFIER = com.db.sample1;
				PRODUCT_NAME = "$(TARGET_NAME)";
				SWIFT_EMIT_LOC_STRINGS = YES;
				SWIFT_VERSION = 5.0;
				TARGETED_DEVICE_FAMILY = 1;
			};
			name = Debug;
		};
		5B6BBF9B275DD53C0059951D /* Release */ = {
			isa = XCBuildConfiguration;
			buildSettings = {
				ASSETCATALOG_COMPILER_APPICON_NAME = AppIcon;
				ASSETCATALOG_COMPILER_GLOBAL_ACCENT_COLOR_NAME = AccentColor;
				CODE_SIGN_STYLE = Automatic;
				CURRENT_PROJECT_VERSION = 1;
				DEVELOPMENT_TEAM = XN9M6ZC2MN;
				GENERATE_INFOPLIST_FILE = YES;
				INFOPLIST_FILE = sample1/Info.plist;
				INFOPLIST_KEY_UIApplicationSupportsIndirectInputEvents = YES;
				INFOPLIST_KEY_UILaunchStoryboardName = LaunchScreen;
				INFOPLIST_KEY_UIMainStoryboardFile = Main;
				INFOPLIST_KEY_UISupportedInterfaceOrientations = UIInterfaceOrientationPortrait;
				INFOPLIST_KEY_UISupportedInterfaceOrientations_iPad = "UIInterfaceOrientationPortrait UIInterfaceOrientationPortraitUpsideDown UIInterfaceOrientationLandscapeLeft UIInterfaceOrientationLandscapeRight";
				INFOPLIST_KEY_UISupportedInterfaceOrientations_iPhone = "UIInterfaceOrientationPortrait UIInterfaceOrientationLandscapeLeft UIInterfaceOrientationLandscapeRight";
				LD_RUNPATH_SEARCH_PATHS = (
					"$(inherited)",
					"@executable_path/Frameworks",
				);
				MARKETING_VERSION = 1.0;
				PRODUCT_BUNDLE_IDENTIFIER = com.db.sample1;
				PRODUCT_NAME = "$(TARGET_NAME)";
				SWIFT_EMIT_LOC_STRINGS = YES;
				SWIFT_VERSION = 5.0;
				TARGETED_DEVICE_FAMILY = 1;
			};
			name = Release;
		};
		5B6BBF9D275DD53C0059951D /* Debug */ = {
			isa = XCBuildConfiguration;
			buildSettings = {
				ALWAYS_EMBED_SWIFT_STANDARD_LIBRARIES = YES;
				BUNDLE_LOADER = "$(TEST_HOST)";
				CODE_SIGN_STYLE = Automatic;
				CURRENT_PROJECT_VERSION = 1;
				DEVELOPMENT_TEAM = XN9M6ZC2MN;
				GENERATE_INFOPLIST_FILE = YES;
				IPHONEOS_DEPLOYMENT_TARGET = 15.0;
				LD_RUNPATH_SEARCH_PATHS = (
					"$(inherited)",
					"@executable_path/Frameworks",
					"@loader_path/Frameworks",
				);
				MARKETING_VERSION = 1.0;
				PRODUCT_BUNDLE_IDENTIFIER = com.db.sample1Tests;
				PRODUCT_NAME = "$(TARGET_NAME)";
				SWIFT_EMIT_LOC_STRINGS = NO;
				SWIFT_VERSION = 5.0;
				TARGETED_DEVICE_FAMILY = "1,2";
				TEST_HOST = "$(BUILT_PRODUCTS_DIR)/sample1.app/sample1";
			};
			name = Debug;
		};
		5B6BBF9E275DD53C0059951D /* Release */ = {
			isa = XCBuildConfiguration;
			buildSettings = {
				ALWAYS_EMBED_SWIFT_STANDARD_LIBRARIES = YES;
				BUNDLE_LOADER = "$(TEST_HOST)";
				CODE_SIGN_STYLE = Automatic;
				CURRENT_PROJECT_VERSION = 1;
				DEVELOPMENT_TEAM = XN9M6ZC2MN;
				GENERATE_INFOPLIST_FILE = YES;
				IPHONEOS_DEPLOYMENT_TARGET = 15.0;
				LD_RUNPATH_SEARCH_PATHS = (
					"$(inherited)",
					"@executable_path/Frameworks",
					"@loader_path/Frameworks",
				);
				MARKETING_VERSION = 1.0;
				PRODUCT_BUNDLE_IDENTIFIER = com.db.sample1Tests;
				PRODUCT_NAME = "$(TARGET_NAME)";
				SWIFT_EMIT_LOC_STRINGS = NO;
				SWIFT_VERSION = 5.0;
				TARGETED_DEVICE_FAMILY = "1,2";
				TEST_HOST = "$(BUILT_PRODUCTS_DIR)/sample1.app/sample1";
			};
			name = Release;
		};
		5B6BBFA0275DD53C0059951D /* Debug */ = {
			isa = XCBuildConfiguration;
			buildSettings = {
				ALWAYS_EMBED_SWIFT_STANDARD_LIBRARIES = YES;
				CODE_SIGN_STYLE = Automatic;
				CURRENT_PROJECT_VERSION = 1;
				DEVELOPMENT_TEAM = XN9M6ZC2MN;
				GENERATE_INFOPLIST_FILE = YES;
				LD_RUNPATH_SEARCH_PATHS = (
					"$(inherited)",
					"@executable_path/Frameworks",
					"@loader_path/Frameworks",
				);
				MARKETING_VERSION = 1.0;
				PRODUCT_BUNDLE_IDENTIFIER = com.db.sample1UITests;
				PRODUCT_NAME = "$(TARGET_NAME)";
				SWIFT_EMIT_LOC_STRINGS = NO;
				SWIFT_VERSION = 5.0;
				TARGETED_DEVICE_FAMILY = "1,2";
				TEST_TARGET_NAME = sample1;
			};
			name = Debug;
		};
		5B6BBFA1275DD53C0059951D /* Release */ = {
			isa = XCBuildConfiguration;
			buildSettings = {
				ALWAYS_EMBED_SWIFT_STANDARD_LIBRARIES = YES;
				CODE_SIGN_STYLE = Automatic;
				CURRENT_PROJECT_VERSION = 1;
				DEVELOPMENT_TEAM = XN9M6ZC2MN;
				GENERATE_INFOPLIST_FILE = YES;
				LD_RUNPATH_SEARCH_PATHS = (
					"$(inherited)",
					"@executable_path/Frameworks",
					"@loader_path/Frameworks",
				);
				MARKETING_VERSION = 1.0;
				PRODUCT_BUNDLE_IDENTIFIER = com.db.sample1UITests;
				PRODUCT_NAME = "$(TARGET_NAME)";
				SWIFT_EMIT_LOC_STRINGS = NO;
				SWIFT_VERSION = 5.0;
				TARGETED_DEVICE_FAMILY = "1,2";
				TEST_TARGET_NAME = sample1;
			};
			name = Release;
		};
/* End XCBuildConfiguration section */

/* Begin XCConfigurationList section */
		5B6BBF6A275DD5390059951D /* Build configuration list for PBXProject "sample1" */ = {
			isa = XCConfigurationList;
			buildConfigurations = (
				5B6BBF97275DD53C0059951D /* Debug */,
				5B6BBF98275DD53C0059951D /* Release */,
			);
			defaultConfigurationIsVisible = 0;
			defaultConfigurationName = Release;
		};
		5B6BBF99275DD53C0059951D /* Build configuration list for PBXNativeTarget "sample1" */ = {
			isa = XCConfigurationList;
			buildConfigurations = (
				5B6BBF9A275DD53C0059951D /* Debug */,
				5B6BBF9B275DD53C0059951D /* Release */,
			);
			defaultConfigurationIsVisible = 0;
			defaultConfigurationName = Release;
		};
		5B6BBF9C275DD53C0059951D /* Build configuration list for PBXNativeTarget "sample1Tests" */ = {
			isa = XCConfigurationList;
			buildConfigurations = (
				5B6BBF9D275DD53C0059951D /* Debug */,
				5B6BBF9E275DD53C0059951D /* Release */,
			);
			defaultConfigurationIsVisible = 0;
			defaultConfigurationName = Release;
		};
		5B6BBF9F275DD53C0059951D /* Build configuration list for PBXNativeTarget "sample1UITests" */ = {
			isa = XCConfigurationList;
			buildConfigurations = (
				5B6BBFA0275DD53C0059951D /* Debug */,
				5B6BBFA1275DD53C0059951D /* Release */,
			);
			defaultConfigurationIsVisible = 0;
			defaultConfigurationName = Release;
		};
/* End XCConfigurationList section */
	};
	rootObject = 5B6BBF67275DD5390059951D /* Project object */;
}
